github.com/jne100/submodules2 v0.0.0-20201119175614-581271291fe2 h1:RyqrsYUnlTd2wlKYEKL8r6cYkPqLGF4fUZwJs8kXCwk=
github.com/jne100/submodules2/b v0.0.0-20201119175614-581271291fe2 h1:AZGR/38JQPWsRpxFpgtrMga0fdpd6uax6vSbf4UKQM4=
github.com/jne100/submodules2/b v0.0.0-20201119175614-581271291fe2/go.mod h1:O1lba9VKYo09abRQ2XCGc1yR27D4TTqjM+sfM+fix1I=
